
Microsoft Visual Studio Solution File, Format Version 12.00
# Visual Studio Version 16
VisualStudioVersion = 16.0.31112.23
MinimumVisualStudioVersion = 10.0.40219.1
Project("{FAE04EC0-301F-11D3-BF4B-00C04F79EFBC}") = "Entities", "Entities\Entities.csproj", "{B8796529-CBD7-46A6-AA8E-FCB336AF34A1}"
EndProject
Project("{FAE04EC0-301F-11D3-BF4B-00C04F79EFBC}") = "DataAccess", "DataAccess\DataAccess.csproj", "{CDD9AF58-9FCD-452C-93BF-6645D2235866}"
EndProject
Project("{FAE04EC0-301F-11D3-BF4B-00C04F79EFBC}") = "Business", "Business\Business.csproj", "{D4E2D9E3-1E3B-4043-A492-5F022DDBA68B}"
EndProject
Project("{FAE04EC0-301F-11D3-BF4B-00C04F79EFBC}") = "Core", "Core\Core.csproj", "{4669485C-208C-4150-8AAF-A05BCF88CDD6}"
EndProject
Project("{FAE04EC0-301F-11D3-BF4B-00C04F79EFBC}") = "WebAPI", "WebAPI\WebAPI.csproj", "{F9F1DEC8-FF43-4248-A5C8-450AFBFA8521}"
EndProject
Global
	GlobalSection(SolutionConfigurationPlatforms) = preSolution
		Debug|Any CPU = Debug|Any CPU
		Release|Any CPU = Release|Any CPU
	EndGlobalSection
	GlobalSection(ProjectConfigurationPlatforms) = postSolution
		{B8796529-CBD7-46A6-AA8E-FCB336AF34A1}.Debug|Any CPU.ActiveCfg = Debug|Any CPU
		{B8796529-CBD7-46A6-AA8E-FCB336AF34A1}.Debug|Any CPU.Build.0 = Debug|Any CPU
		{B8796529-CBD7-46A6-AA8E-FCB336AF34A1}.Release|Any CPU.ActiveCfg = Release|Any CPU
		{B8796529-CBD7-46A6-AA8E-FCB336AF34A1}.Release|Any CPU.Build.0 = Release|Any CPU
		{CDD9AF58-9FCD-452C-93BF-6645D2235866}.Debug|Any CPU.ActiveCfg = Debug|Any CPU
		{CDD9AF58-9FCD-452C-93BF-6645D2235866}.Debug|Any CPU.Build.0 = Debug|Any CPU
		{CDD9AF58-9FCD-452C-93BF-6645D2235866}.Release|Any CPU.ActiveCfg = Release|Any CPU
		{CDD9AF58-9FCD-452C-93BF-6645D2235866}.Release|Any CPU.Build.0 = Release|Any CPU
		{D4E2D9E3-1E3B-4043-A492-5F022DDBA68B}.Debug|Any CPU.ActiveCfg = Debug|Any CPU
		{D4E2D9E3-1E3B-4043-A492-5F022DDBA68B}.Debug|Any CPU.Build.0 = Debug|Any CPU
		{D4E2D9E3-1E3B-4043-A492-5F022DDBA68B}.Release|Any CPU.ActiveCfg = Release|Any CPU
		{D4E2D9E3-1E3B-4043-A492-5F022DDBA68B}.Release|Any CPU.Build.0 = Release|Any CPU
		{4669485C-208C-4150-8AAF-A05BCF88CDD6}.Debug|Any CPU.ActiveCfg = Debug|Any CPU
		{4669485C-208C-4150-8AAF-A05BCF88CDD6}.Debug|Any CPU.Build.0 = Debug|Any CPU
		{4669485C-208C-4150-8AAF-A05BCF88CDD6}.Release|Any CPU.ActiveCfg = Release|Any CPU
		{4669485C-208C-4150-8AAF-A05BCF88CDD6}.Release|Any CPU.Build.0 = Release|Any CPU
		{F9F1DEC8-FF43-4248-A5C8-450AFBFA8521}.Debug|Any CPU.ActiveCfg = Debug|Any CPU
		{F9F1DEC8-FF43-4248-A5C8-450AFBFA8521}.Debug|Any CPU.Build.0 = Debug|Any CPU
		{F9F1DEC8-FF43-4248-A5C8-450AFBFA8521}.Release|Any CPU.ActiveCfg = Release|Any CPU
		{F9F1DEC8-FF43-4248-A5C8-450AFBFA8521}.Release|Any CPU.Build.0 = Release|Any CPU
	EndGlobalSection
	GlobalSection(SolutionProperties) = preSolution
		HideSolutionNode = FALSE
	EndGlobalSection
	GlobalSection(ExtensibilityGlobals) = postSolution
		SolutionGuid = {EC452B8A-C5E7-4C5E-9A0C-BEE7DF1472B0}
	EndGlobalSection
EndGlobal
